
Microsoft Visual Studio Solution File, Format Version 12.00
# Visual Studio Version 17
VisualStudioVersion = 17.4.33103.184
MinimumVisualStudioVersion = 10.0.40219.1
Project("{FAE04EC0-301F-11D3-BF4B-00C04F79EFBC}") = "DB_LAB_TESTS", "DB_LAB_TESTS\DB_LAB_TESTS.csproj", "{ED1700C4-C983-4292-81D5-F54CB1F8F444}"
EndProject
Global
	GlobalSection(SolutionConfigurationPlatforms) = preSolution
		Debug|Any CPU = Debug|Any CPU
		Release|Any CPU = Release|Any CPU
	EndGlobalSection
	GlobalSection(ProjectConfigurationPlatforms) = postSolution
		{ED1700C4-C983-4292-81D5-F54CB1F8F444}.Debug|Any CPU.ActiveCfg = Debug|Any CPU
		{ED1700C4-C983-4292-81D5-F54CB1F8F444}.Debug|Any CPU.Build.0 = Debug|Any CPU
		{ED1700C4-C983-4292-81D5-F54CB1F8F444}.Release|Any CPU.ActiveCfg = Release|Any CPU
		{ED1700C4-C983-4292-81D5-F54CB1F8F444}.Release|Any CPU.Build.0 = Release|Any CPU
	EndGlobalSection
	GlobalSection(SolutionProperties) = preSolution
		HideSolutionNode = FALSE
	EndGlobalSection
	GlobalSection(ExtensibilityGlobals) = postSolution
		SolutionGuid = {B3D08797-79DE-427A-AE26-6A810DAF2E8E}
	EndGlobalSection
EndGlobal
